
Microsoft Visual Studio Solution File, Format Version 12.00
# Visual Studio Version 16
VisualStudioVersion = 16.0.30011.22
MinimumVisualStudioVersion = 10.0.40219.1
Project("{FAE04EC0-301F-11D3-BF4B-00C04F79EFBC}") = "BLE Smart Light", "BLE Smart Light\BLE Smart Light.csproj", "{3334981B-A7F9-4A4D-AC70-3B9216BBD969}"
EndProject
Global
	GlobalSection(SolutionConfigurationPlatforms) = preSolution
		Debug|Any CPU = Debug|Any CPU
		Release|Any CPU = Release|Any CPU
	EndGlobalSection
	GlobalSection(ProjectConfigurationPlatforms) = postSolution
		{3334981B-A7F9-4A4D-AC70-3B9216BBD969}.Debug|Any CPU.ActiveCfg = Debug|Any CPU
		{3334981B-A7F9-4A4D-AC70-3B9216BBD969}.Debug|Any CPU.Build.0 = Debug|Any CPU
		{3334981B-A7F9-4A4D-AC70-3B9216BBD969}.Debug|Any CPU.Deploy.0 = Debug|Any CPU
		{3334981B-A7F9-4A4D-AC70-3B9216BBD969}.Release|Any CPU.ActiveCfg = Release|Any CPU
		{3334981B-A7F9-4A4D-AC70-3B9216BBD969}.Release|Any CPU.Build.0 = Release|Any CPU
		{3334981B-A7F9-4A4D-AC70-3B9216BBD969}.Release|Any CPU.Deploy.0 = Release|Any CPU
	EndGlobalSection
	GlobalSection(SolutionProperties) = preSolution
		HideSolutionNode = FALSE
	EndGlobalSection
	GlobalSection(ExtensibilityGlobals) = postSolution
		SolutionGuid = {172FDFED-D758-467F-9F5F-D0C582A173A5}
	EndGlobalSection
EndGlobal
